// !$*UTF8*$!
{
	archiveVersion = 1;
	classes = {
	};
	objectVersion = 56;
	objects = {

/* Begin PBXBuildFile section */
		FD1B80512D8B31FF00A07470 /* main.swift in Sources */ = {isa = PBXBuildFile; fileRef = FD1B80502D8B31FF00A07470 /* main.swift */; };
		FD1B80592D8B339600A07470 /* BitCollections in Frameworks */ = {isa = PBXBuildFile; productRef = FD1B80582D8B339600A07470 /* BitCollections */; };
		FD1B805B2D8B339600A07470 /* Collections in Frameworks */ = {isa = PBXBuildFile; productRef = FD1B805A2D8B339600A07470 /* Collections */; };
		FD1B805D2D8B339600A07470 /* DequeModule in Frameworks */ = {isa = PBXBuildFile; productRef = FD1B805C2D8B339600A07470 /* DequeModule */; };
		FD1B805F2D8B339600A07470 /* HashTreeCollections in Frameworks */ = {isa = PBXBuildFile; productRef = FD1B805E2D8B339600A07470 /* HashTreeCollections */; };
		FD1B80612D8B339600A07470 /* HeapModule in Frameworks */ = {isa = PBXBuildFile; productRef = FD1B80602D8B339600A07470 /* HeapModule */; };
/* End PBXBuildFile section */

/* Begin PBXCopyFilesBuildPhase section */
		FD1B804B2D8B31FF00A07470 /* CopyFiles */ = {
			isa = PBXCopyFilesBuildPhase;
			buildActionMask = 2147483647;
			dstPath = /usr/share/man/man1/;
			dstSubfolderSpec = 0;
			files = (
			);
			runOnlyForDeploymentPostprocessing = 1;
		};
/* End PBXCopyFilesBuildPhase section */

/* Begin PBXFileReference section */
		FD1B804D2D8B31FF00A07470 /* graph */ = {isa = PBXFileReference; explicitFileType = "compiled.mach-o.executable"; includeInIndex = 0; path = graph; sourceTree = BUILT_PRODUCTS_DIR; };
		FD1B80502D8B31FF00A07470 /* main.swift */ = {isa = PBXFileReference; lastKnownFileType = sourcecode.swift; path = main.swift; sourceTree = "<group>"; };
/* End PBXFileReference section */

/* Begin PBXFrameworksBuildPhase section */
		FD1B804A2D8B31FF00A07470 /* Frameworks */ = {
			isa = PBXFrameworksBuildPhase;
			buildActionMask = 2147483647;
			files = (
				FD1B805B2D8B339600A07470 /* Collections in Frameworks */,
				FD1B80612D8B339600A07470 /* HeapModule in Frameworks */,
				FD1B80592D8B339600A07470 /* BitCollections in Frameworks */,
				FD1B805F2D8B339600A07470 /* HashTreeCollections in Frameworks */,
				FD1B805D2D8B339600A07470 /* DequeModule in Frameworks */,
			);
			runOnlyForDeploymentPostprocessing = 0;
		};
/* End PBXFrameworksBuildPhase section */

/* Begin PBXGroup section */
		FD1B80442D8B31FF00A07470 = {
			isa = PBXGroup;
			children = (
				FD1B804F2D8B31FF00A07470 /* graph */,
				FD1B804E2D8B31FF00A07470 /* Products */,
			);
			sourceTree = "<group>";
		};
		FD1B804E2D8B31FF00A07470 /* Products */ = {
			isa = PBXGroup;
			children = (
				FD1B804D2D8B31FF00A07470 /* graph */,
			);
			name = Products;
			sourceTree = "<group>";
		};
		FD1B804F2D8B31FF00A07470 /* graph */ = {
			isa = PBXGroup;
			children = (
				FD1B80502D8B31FF00A07470 /* main.swift */,
			);
			path = graph;
			sourceTree = "<group>";
		};
/* End PBXGroup section */

/* Begin PBXNativeTarget section */
		FD1B804C2D8B31FF00A07470 /* graph */ = {
			isa = PBXNativeTarget;
			buildConfigurationList = FD1B80542D8B31FF00A07470 /* Build configuration list for PBXNativeTarget "graph" */;
			buildPhases = (
				FD1B80492D8B31FF00A07470 /* Sources */,
				FD1B804A2D8B31FF00A07470 /* Frameworks */,
				FD1B804B2D8B31FF00A07470 /* CopyFiles */,
			);
			buildRules = (
			);
			dependencies = (
			);
			name = graph;
			packageProductDependencies = (
				FD1B80582D8B339600A07470 /* BitCollections */,
				FD1B805A2D8B339600A07470 /* Collections */,
				FD1B805C2D8B339600A07470 /* DequeModule */,
				FD1B805E2D8B339600A07470 /* HashTreeCollections */,
				FD1B80602D8B339600A07470 /* HeapModule */,
			);
			productName = graph;
			productReference = FD1B804D2D8B31FF00A07470 /* graph */;
			productType = "com.apple.product-type.tool";
		};
/* End PBXNativeTarget section */

/* Begin PBXProject section */
		FD1B80452D8B31FF00A07470 /* Project object */ = {
			isa = PBXProject;
			attributes = {
				BuildIndependentTargetsInParallel = 1;
				LastSwiftUpdateCheck = 1520;
				LastUpgradeCheck = 1520;
				TargetAttributes = {
					FD1B804C2D8B31FF00A07470 = {
						CreatedOnToolsVersion = 15.2;
					};
				};
			};
			buildConfigurationList = FD1B80482D8B31FF00A07470 /* Build configuration list for PBXProject "graph" */;
			compatibilityVersion = "Xcode 14.0";
			developmentRegion = en;
			hasScannedForEncodings = 0;
			knownRegions = (
				en,
				Base,
			);
			mainGroup = FD1B80442D8B31FF00A07470;
			packageReferences = (
				FD1B80572D8B339600A07470 /* XCRemoteSwiftPackageReference "swift-collections" */,
			);
			productRefGroup = FD1B804E2D8B31FF00A07470 /* Products */;
			projectDirPath = "";
			projectRoot = "";
			targets = (
				FD1B804C2D8B31FF00A07470 /* graph */,
			);
		};
/* End PBXProject section */

/* Begin PBXSourcesBuildPhase section */
		FD1B80492D8B31FF00A07470 /* Sources */ = {
			isa = PBXSourcesBuildPhase;
			buildActionMask = 2147483647;
			files = (
				FD1B80512D8B31FF00A07470 /* main.swift in Sources */,
			);
			runOnlyForDeploymentPostprocessing = 0;
		};
/* End PBXSourcesBuildPhase section */

/* Begin XCBuildConfiguration section */
		FD1B80522D8B31FF00A07470 /* Debug */ = {
			isa = XCBuildConfiguration;
			buildSettings = {
				ALWAYS_SEARCH_USER_PATHS = NO;
				ASSETCATALOG_COMPILER_GENERATE_SWIFT_ASSET_SYMBOL_EXTENSIONS = YES;
				CLANG_ANALYZER_NONNULL = YES;
				CLANG_ANALYZER_NUMBER_OBJECT_CONVERSION = YES_AGGRESSIVE;
				CLANG_CXX_LANGUAGE_STANDARD = "gnu++20";
				CLANG_ENABLE_MODULES = YES;
				CLANG_ENABLE_OBJC_ARC = YES;
				CLANG_ENABLE_OBJC_WEAK = YES;
				CLANG_WARN_BLOCK_CAPTURE_AUTORELEASING = YES;
				CLANG_WARN_BOOL_CONVERSION = YES;
				CLANG_WARN_COMMA = YES;
				CLANG_WARN_CONSTANT_CONVERSION = YES;
				CLANG_WARN_DEPRECATED_OBJC_IMPLEMENTATIONS = YES;
				CLANG_WARN_DIRECT_OBJC_ISA_USAGE = YES_ERROR;
				CLANG_WARN_DOCUMENTATION_COMMENTS = YES;
				CLANG_WARN_EMPTY_BODY = YES;
				CLANG_WARN_ENUM_CONVERSION = YES;
				CLANG_WARN_INFINITE_RECURSION = YES;
				CLANG_WARN_INT_CONVERSION = YES;
				CLANG_WARN_NON_LITERAL_NULL_CONVERSION = YES;
				CLANG_WARN_OBJC_IMPLICIT_RETAIN_SELF = YES;
				CLANG_WARN_OBJC_LITERAL_CONVERSION = YES;
				CLANG_WARN_OBJC_ROOT_CLASS = YES_ERROR;
				CLANG_WARN_QUOTED_INCLUDE_IN_FRAMEWORK_HEADER = YES;
				CLANG_WARN_RANGE_LOOP_ANALYSIS = YES;
				CLANG_WARN_STRICT_PROTOTYPES = YES;
				CLANG_WARN_SUSPICIOUS_MOVE = YES;
				CLANG_WARN_UNGUARDED_AVAILABILITY = YES_AGGRESSIVE;
				CLANG_WARN_UNREACHABLE_CODE = YES;
				CLANG_WARN__DUPLICATE_METHOD_MATCH = YES;
				COPY_PHASE_STRIP = NO;
				DEBUG_INFORMATION_FORMAT = dwarf;
				ENABLE_STRICT_OBJC_MSGSEND = YES;
				ENABLE_TESTABILITY = YES;
				ENABLE_USER_SCRIPT_SANDBOXING = YES;
				GCC_C_LANGUAGE_STANDARD = gnu17;
				GCC_DYNAMIC_NO_PIC = NO;
				GCC_NO_COMMON_BLOCKS = YES;
				GCC_OPTIMIZATION_LEVEL = 0;
				GCC_PREPROCESSOR_DEFINITIONS = (
					"DEBUG=1",
					"$(inherited)",
				);
				GCC_WARN_64_TO_32_BIT_CONVERSION = YES;
				GCC_WARN_ABOUT_RETURN_TYPE = YES_ERROR;
				GCC_WARN_UNDECLARED_SELECTOR = YES;
				GCC_WARN_UNINITIALIZED_AUTOS = YES_AGGRESSIVE;
				GCC_WARN_UNUSED_FUNCTION = YES;
				GCC_WARN_UNUSED_VARIABLE = YES;
				LOCALIZATION_PREFERS_STRING_CATALOGS = YES;
				MACOSX_DEPLOYMENT_TARGET = 13.6;
				MTL_ENABLE_DEBUG_INFO = INCLUDE_SOURCE;
				MTL_FAST_MATH = YES;
				ONLY_ACTIVE_ARCH = YES;
				SDKROOT = macosx;
				SWIFT_ACTIVE_COMPILATION_CONDITIONS = "DEBUG $(inherited)";
				SWIFT_OPTIMIZATION_LEVEL = "-Onone";
			};
			name = Debug;
		};
		FD1B80532D8B31FF00A07470 /* Release */ = {
			isa = XCBuildConfiguration;
			buildSettings = {
				ALWAYS_SEARCH_USER_PATHS = NO;
				ASSETCATALOG_COMPILER_GENERATE_SWIFT_ASSET_SYMBOL_EXTENSIONS = YES;
				CLANG_ANALYZER_NONNULL = YES;
				CLANG_ANALYZER_NUMBER_OBJECT_CONVERSION = YES_AGGRESSIVE;
				CLANG_CXX_LANGUAGE_STANDARD = "gnu++20";
				CLANG_ENABLE_MODULES = YES;
				CLANG_ENABLE_OBJC_ARC = YES;
				CLANG_ENABLE_OBJC_WEAK = YES;
				CLANG_WARN_BLOCK_CAPTURE_AUTORELEASING = YES;
				CLANG_WARN_BOOL_CONVERSION = YES;
				CLANG_WARN_COMMA = YES;
				CLANG_WARN_CONSTANT_CONVERSION = YES;
				CLANG_WARN_DEPRECATED_OBJC_IMPLEMENTATIONS = YES;
				CLANG_WARN_DIRECT_OBJC_ISA_USAGE = YES_ERROR;
				CLANG_WARN_DOCUMENTATION_COMMENTS = YES;
				CLANG_WARN_EMPTY_BODY = YES;
				CLANG_WARN_ENUM_CONVERSION = YES;
				CLANG_WARN_INFINITE_RECURSION = YES;
				CLANG_WARN_INT_CONVERSION = YES;
				CLANG_WARN_NON_LITERAL_NULL_CONVERSION = YES;
				CLANG_WARN_OBJC_IMPLICIT_RETAIN_SELF = YES;
				CLANG_WARN_OBJC_LITERAL_CONVERSION = YES;
				CLANG_WARN_OBJC_ROOT_CLASS = YES_ERROR;
				CLANG_WARN_QUOTED_INCLUDE_IN_FRAMEWORK_HEADER = YES;
				CLANG_WARN_RANGE_LOOP_ANALYSIS = YES;
				CLANG_WARN_STRICT_PROTOTYPES = YES;
				CLANG_WARN_SUSPICIOUS_MOVE = YES;
				CLANG_WARN_UNGUARDED_AVAILABILITY = YES_AGGRESSIVE;
				CLANG_WARN_UNREACHABLE_CODE = YES;
				CLANG_WARN__DUPLICATE_METHOD_MATCH = YES;
				COPY_PHASE_STRIP = NO;
				DEBUG_INFORMATION_FORMAT = "dwarf-with-dsym";
				ENABLE_NS_ASSERTIONS = NO;
				ENABLE_STRICT_OBJC_MSGSEND = YES;
				ENABLE_USER_SCRIPT_SANDBOXING = YES;
				GCC_C_LANGUAGE_STANDARD = gnu17;
				GCC_NO_COMMON_BLOCKS = YES;
				GCC_WARN_64_TO_32_BIT_CONVERSION = YES;
				GCC_WARN_ABOUT_RETURN_TYPE = YES_ERROR;
				GCC_WARN_UNDECLARED_SELECTOR = YES;
				GCC_WARN_UNINITIALIZED_AUTOS = YES_AGGRESSIVE;
				GCC_WARN_UNUSED_FUNCTION = YES;
				GCC_WARN_UNUSED_VARIABLE = YES;
				LOCALIZATION_PREFERS_STRING_CATALOGS = YES;
				MACOSX_DEPLOYMENT_TARGET = 13.6;
				MTL_ENABLE_DEBUG_INFO = NO;
				MTL_FAST_MATH = YES;
				SDKROOT = macosx;
				SWIFT_COMPILATION_MODE = wholemodule;
			};
			name = Release;
		};
		FD1B80552D8B31FF00A07470 /* Debug */ = {
			isa = XCBuildConfiguration;
			buildSettings = {
				CODE_SIGN_STYLE = Automatic;
				PRODUCT_NAME = "$(TARGET_NAME)";
				SWIFT_VERSION = 5.0;
			};
			name = Debug;
		};
		FD1B80562D8B31FF00A07470 /* Release */ = {
			isa = XCBuildConfiguration;
			buildSettings = {
				CODE_SIGN_STYLE = Automatic;
				PRODUCT_NAME = "$(TARGET_NAME)";
				SWIFT_VERSION = 5.0;
			};
			name = Release;
		};
/* End XCBuildConfiguration section */

/* Begin XCConfigurationList section */
		FD1B80482D8B31FF00A07470 /* Build configuration list for PBXProject "graph" */ = {
			isa = XCConfigurationList;
			buildConfigurations = (
				FD1B80522D8B31FF00A07470 /* Debug */,
				FD1B80532D8B31FF00A07470 /* Release */,
			);
			defaultConfigurationIsVisible = 0;
			defaultConfigurationName = Release;
		};
		FD1B80542D8B31FF00A07470 /* Build configuration list for PBXNativeTarget "graph" */ = {
			isa = XCConfigurationList;
			buildConfigurations = (
				FD1B80552D8B31FF00A07470 /* Debug */,
				FD1B80562D8B31FF00A07470 /* Release */,
			);
			defaultConfigurationIsVisible = 0;
			defaultConfigurationName = Release;
		};
/* End XCConfigurationList section */

/* Begin XCRemoteSwiftPackageReference section */
		FD1B80572D8B339600A07470 /* XCRemoteSwiftPackageReference "swift-collections" */ = {
			isa = XCRemoteSwiftPackageReference;
			repositoryURL = "https://github.com/apple/swift-collections.git";
			requirement = {
				kind = upToNextMajorVersion;
				minimumVersion = 1.1.4;
			};
		};
/* End XCRemoteSwiftPackageReference section */

/* Begin XCSwiftPackageProductDependency section */
		FD1B80582D8B339600A07470 /* BitCollections */ = {
			isa = XCSwiftPackageProductDependency;
			package = FD1B80572D8B339600A07470 /* XCRemoteSwiftPackageReference "swift-collections" */;
			productName = BitCollections;
		};
		FD1B805A2D8B339600A07470 /* Collections */ = {
			isa = XCSwiftPackageProductDependency;
			package = FD1B80572D8B339600A07470 /* XCRemoteSwiftPackageReference "swift-collections" */;
			productName = Collections;
		};
		FD1B805C2D8B339600A07470 /* DequeModule */ = {
			isa = XCSwiftPackageProductDependency;
			package = FD1B80572D8B339600A07470 /* XCRemoteSwiftPackageReference "swift-collections" */;
			productName = DequeModule;
		};
		FD1B805E2D8B339600A07470 /* HashTreeCollections */ = {
			isa = XCSwiftPackageProductDependency;
			package = FD1B80572D8B339600A07470 /* XCRemoteSwiftPackageReference "swift-collections" */;
			productName = HashTreeCollections;
		};
		FD1B80602D8B339600A07470 /* HeapModule */ = {
			isa = XCSwiftPackageProductDependency;
			package = FD1B80572D8B339600A07470 /* XCRemoteSwiftPackageReference "swift-collections" */;
			productName = HeapModule;
		};
/* End XCSwiftPackageProductDependency section */
	};
	rootObject = FD1B80452D8B31FF00A07470 /* Project object */;
}
